{
  "name": "turn-touch-element",
  "version": "0.0.2",
  "lockfileVersion": 1,
  "requires": true,
  "dependencies": {
    "@stencil/core": {
      "version": "1.0.0-alpha.8",
      "resolved": "https://registry.npmjs.org/@stencil/core/-/core-1.0.0-alpha.8.tgz",
      "integrity": "sha512-ov1Ak/NvF5clXxtUxCYf3RBoI2HhyelcjxMbGsbj2YhYN/QXeoGzwg/rc0flThmsI9mLz29ApmF/OKoUEoSSag==",
      "dev": true,
      "requires": {
        "typescript": "3.4.2"
      }
    },
    "@types/web-bluetooth": {
      "version": "0.0.4",
      "resolved": "https://registry.npmjs.org/@types/web-bluetooth/-/web-bluetooth-0.0.4.tgz",
      "integrity": "sha512-C+BgVBBGY9c6ixcc5PsKAmGaCy3bswZ5zx/AWIAik9dgFuBkFsXBA3ze69jJi05xdZQ99QkfBSVIX6zl+6Tmww==",
      "dev": true
    },
    "typescript": {
      "version": "3.4.2",
      "resolved": "https://registry.npmjs.org/typescript/-/typescript-3.4.2.tgz",
      "integrity": "sha512-Og2Vn6Mk7JAuWA1hQdDQN/Ekm/SchX80VzLhjKN9ETYrIepBFAd8PkOdOTK2nKt0FCkmMZKBJvQ1dV1gIxPu/A==",
      "dev": true
    }
  }
}
